// !$*UTF8*$!
{
	archiveVersion = 1;
	classes = {
	};
	objectVersion = 50;
	objects = {

/* Begin PBXBuildFile section */
		3658A19C218B0B6F008AB6AC /* MRVideoCaptureDevice.m in Sources */ = {isa = PBXBuildFile; fileRef = 3658A19A218B0B6E008AB6AC /* MRVideoCaptureDevice.m */; };
		3658A19D218B0B6F008AB6AC /* MRVideoCaptureDevice.h in Headers */ = {isa = PBXBuildFile; fileRef = 3658A19B218B0B6E008AB6AC /* MRVideoCaptureDevice.h */; settings = {ATTRIBUTES = (Public, ); }; };
		36853D3F2187FA10006CBB5A /* MetalRenderImage.h in Headers */ = {isa = PBXBuildFile; fileRef = 36853D3D2187FA10006CBB5A /* MetalRenderImage.h */; settings = {ATTRIBUTES = (Public, ); }; };
		36853D512187FA3D006CBB5A /* MRImageFilter.m in Sources */ = {isa = PBXBuildFile; fileRef = 36853D472187FA3C006CBB5A /* MRImageFilter.m */; };
		36853D522187FA3D006CBB5A /* MRMetalContext.h in Headers */ = {isa = PBXBuildFile; fileRef = 36853D482187FA3C006CBB5A /* MRMetalContext.h */; settings = {ATTRIBUTES = (Public, ); }; };
		36853D532187FA3D006CBB5A /* MRTextureProvider.h in Headers */ = {isa = PBXBuildFile; fileRef = 36853D492187FA3C006CBB5A /* MRTextureProvider.h */; settings = {ATTRIBUTES = (Public, ); }; };
		36853D542187FA3D006CBB5A /* MRMainBundleTextureProvider.m in Sources */ = {isa = PBXBuildFile; fileRef = 36853D4A2187FA3C006CBB5A /* MRMainBundleTextureProvider.m */; };
		36853D552187FA3D006CBB5A /* MRImageView.h in Headers */ = {isa = PBXBuildFile; fileRef = 36853D4B2187FA3C006CBB5A /* MRImageView.h */; settings = {ATTRIBUTES = (Public, ); }; };
		36853D562187FA3D006CBB5A /* MRMetalContext.m in Sources */ = {isa = PBXBuildFile; fileRef = 36853D4C2187FA3C006CBB5A /* MRMetalContext.m */; };
		36853D572187FA3D006CBB5A /* MRImageFilter.h in Headers */ = {isa = PBXBuildFile; fileRef = 36853D4D2187FA3C006CBB5A /* MRImageFilter.h */; settings = {ATTRIBUTES = (Public, ); }; };
		36853D582187FA3D006CBB5A /* MRMainBundleTextureProvider.h in Headers */ = {isa = PBXBuildFile; fileRef = 36853D4E2187FA3C006CBB5A /* MRMainBundleTextureProvider.h */; settings = {ATTRIBUTES = (Public, ); }; };
		36853D592187FA3D006CBB5A /* MRImageView.m in Sources */ = {isa = PBXBuildFile; fileRef = 36853D4F2187FA3C006CBB5A /* MRImageView.m */; };
		36853D5A2187FA3D006CBB5A /* MRTextureConsumer.h in Headers */ = {isa = PBXBuildFile; fileRef = 36853D502187FA3C006CBB5A /* MRTextureConsumer.h */; settings = {ATTRIBUTES = (Public, ); }; };
		36853D5D2187FB48006CBB5A /* MRGaussianBlurFilter.m in Sources */ = {isa = PBXBuildFile; fileRef = 36853D5B2187FB48006CBB5A /* MRGaussianBlurFilter.m */; };
		36853D5E2187FB48006CBB5A /* MRGaussianBlurFilter.h in Headers */ = {isa = PBXBuildFile; fileRef = 36853D5C2187FB48006CBB5A /* MRGaussianBlurFilter.h */; settings = {ATTRIBUTES = (Public, ); }; };
		36853D9C2188119C006CBB5A /* ImageViewShaders.metal in Sources */ = {isa = PBXBuildFile; fileRef = 36853D9A2188119C006CBB5A /* ImageViewShaders.metal */; };
		36853D9D2188119C006CBB5A /* ImageKernels.metal in Sources */ = {isa = PBXBuildFile; fileRef = 36853D9B2188119C006CBB5A /* ImageKernels.metal */; };
		36853DAB21882A4B006CBB5A /* MRRGBFilter.h in Headers */ = {isa = PBXBuildFile; fileRef = 36853DA321882A4B006CBB5A /* MRRGBFilter.h */; settings = {ATTRIBUTES = (Public, ); }; };
		36853DAC21882A4B006CBB5A /* MRGrayscaleFilter.h in Headers */ = {isa = PBXBuildFile; fileRef = 36853DA421882A4B006CBB5A /* MRGrayscaleFilter.h */; settings = {ATTRIBUTES = (Public, ); }; };
		36853DAD21882A4B006CBB5A /* MRHueFilter.h in Headers */ = {isa = PBXBuildFile; fileRef = 36853DA521882A4B006CBB5A /* MRHueFilter.h */; settings = {ATTRIBUTES = (Public, ); }; };
		36853DAE21882A4B006CBB5A /* MRGrayscaleFilter.m in Sources */ = {isa = PBXBuildFile; fileRef = 36853DA621882A4B006CBB5A /* MRGrayscaleFilter.m */; };
		36853DAF21882A4B006CBB5A /* MRHueFilter.m in Sources */ = {isa = PBXBuildFile; fileRef = 36853DA721882A4B006CBB5A /* MRHueFilter.m */; };
		36853DB021882A4B006CBB5A /* MRRGBFilter.m in Sources */ = {isa = PBXBuildFile; fileRef = 36853DA821882A4B006CBB5A /* MRRGBFilter.m */; };
		36853DB121882A4B006CBB5A /* MRSaturationAdjustmentFilter.h in Headers */ = {isa = PBXBuildFile; fileRef = 36853DA921882A4B006CBB5A /* MRSaturationAdjustmentFilter.h */; settings = {ATTRIBUTES = (Public, ); }; };
		36853DB221882A4B006CBB5A /* MRSaturationAdjustmentFilter.m in Sources */ = {isa = PBXBuildFile; fileRef = 36853DAA21882A4B006CBB5A /* MRSaturationAdjustmentFilter.m */; };
		36853DBD21882A58006CBB5A /* MRColorInvertFilter.h in Headers */ = {isa = PBXBuildFile; fileRef = 36853DB321882A56006CBB5A /* MRColorInvertFilter.h */; settings = {ATTRIBUTES = (Public, ); }; };
		36853DBE21882A58006CBB5A /* MRContrastFilter.m in Sources */ = {isa = PBXBuildFile; fileRef = 36853DB421882A56006CBB5A /* MRContrastFilter.m */; };
		36853DBF21882A58006CBB5A /* MRColorInvertFilter.m in Sources */ = {isa = PBXBuildFile; fileRef = 36853DB521882A56006CBB5A /* MRColorInvertFilter.m */; };
		36853DC021882A58006CBB5A /* MRGammaFilter.m in Sources */ = {isa = PBXBuildFile; fileRef = 36853DB621882A56006CBB5A /* MRGammaFilter.m */; };
		36853DC121882A58006CBB5A /* MRGammaFilter.h in Headers */ = {isa = PBXBuildFile; fileRef = 36853DB721882A57006CBB5A /* MRGammaFilter.h */; settings = {ATTRIBUTES = (Public, ); }; };
		36853DC221882A58006CBB5A /* MRExposureFilter.h in Headers */ = {isa = PBXBuildFile; fileRef = 36853DB821882A57006CBB5A /* MRExposureFilter.h */; settings = {ATTRIBUTES = (Public, ); }; };
		36853DC321882A58006CBB5A /* MRBrightnessFilter.m in Sources */ = {isa = PBXBuildFile; fileRef = 36853DB921882A57006CBB5A /* MRBrightnessFilter.m */; };
		36853DC421882A58006CBB5A /* MRBrightnessFilter.h in Headers */ = {isa = PBXBuildFile; fileRef = 36853DBA21882A57006CBB5A /* MRBrightnessFilter.h */; settings = {ATTRIBUTES = (Public, ); }; };
		36853DC521882A58006CBB5A /* MRContrastFilter.h in Headers */ = {isa = PBXBuildFile; fileRef = 36853DBB21882A57006CBB5A /* MRContrastFilter.h */; settings = {ATTRIBUTES = (Public, ); }; };
		36853DC621882A58006CBB5A /* MRExposureFilter.m in Sources */ = {isa = PBXBuildFile; fileRef = 36853DBC21882A58006CBB5A /* MRExposureFilter.m */; };
		36853DCD21883CE6006CBB5A /* MRWhiteBalanceFilter.h in Headers */ = {isa = PBXBuildFile; fileRef = 36853DCB21883CE6006CBB5A /* MRWhiteBalanceFilter.h */; settings = {ATTRIBUTES = (Public, ); }; };
		36853DCE21883CE6006CBB5A /* MRWhiteBalanceFilter.m in Sources */ = {isa = PBXBuildFile; fileRef = 36853DCC21883CE6006CBB5A /* MRWhiteBalanceFilter.m */; };
		36853DD021883F7C006CBB5A /* WhiteBalance.metal in Sources */ = {isa = PBXBuildFile; fileRef = 36853DCF21883F7C006CBB5A /* WhiteBalance.metal */; };
		36CBC016218AA4F4003DA3E3 /* MRDissolveBlendFilter.h in Headers */ = {isa = PBXBuildFile; fileRef = 36CBC014218AA4F3003DA3E3 /* MRDissolveBlendFilter.h */; settings = {ATTRIBUTES = (Public, ); }; };
		36CBC017218AA4F4003DA3E3 /* MRDissolveBlendFilter.m in Sources */ = {isa = PBXBuildFile; fileRef = 36CBC015218AA4F3003DA3E3 /* MRDissolveBlendFilter.m */; };
		36CBC019218AA50C003DA3E3 /* DissolveBlendFilter.metal in Sources */ = {isa = PBXBuildFile; fileRef = 36CBC018218AA50C003DA3E3 /* DissolveBlendFilter.metal */; };
		36CBC026218AC809003DA3E3 /* MRLightenBlendFilter.h in Headers */ = {isa = PBXBuildFile; fileRef = 36CBC024218AC809003DA3E3 /* MRLightenBlendFilter.h */; };
		36CBC027218AC809003DA3E3 /* MRLightenBlendFilter.m in Sources */ = {isa = PBXBuildFile; fileRef = 36CBC025218AC809003DA3E3 /* MRLightenBlendFilter.m */; };
		36EC94162188544C00A82941 /* MRMonochromeFilter.h in Headers */ = {isa = PBXBuildFile; fileRef = 36EC94142188544C00A82941 /* MRMonochromeFilter.h */; settings = {ATTRIBUTES = (Public, ); }; };
		36EC94172188544C00A82941 /* MRMonochromeFilter.m in Sources */ = {isa = PBXBuildFile; fileRef = 36EC94152188544C00A82941 /* MRMonochromeFilter.m */; };
		36EC9419218854E600A82941 /* Monochrome.metal in Sources */ = {isa = PBXBuildFile; fileRef = 36EC9418218854E600A82941 /* Monochrome.metal */; };
		36EC941C2188616A00A82941 /* MRCharpenFilter.h in Headers */ = {isa = PBXBuildFile; fileRef = 36EC941A2188616A00A82941 /* MRCharpenFilter.h */; settings = {ATTRIBUTES = (Public, ); }; };
		36EC941D2188616A00A82941 /* MRCharpenFilter.m in Sources */ = {isa = PBXBuildFile; fileRef = 36EC941B2188616A00A82941 /* MRCharpenFilter.m */; };
		36EC941F2188621400A82941 /* Charpeness.metal in Sources */ = {isa = PBXBuildFile; fileRef = 36EC941E2188621400A82941 /* Charpeness.metal */; };
		36EC942921886FC100A82941 /* MRImageTwoInputFilter.h in Headers */ = {isa = PBXBuildFile; fileRef = 36EC942721886FC100A82941 /* MRImageTwoInputFilter.h */; };
		36EC942A21886FC100A82941 /* MRImageTwoInputFilter.m in Sources */ = {isa = PBXBuildFile; fileRef = 36EC942821886FC100A82941 /* MRImageTwoInputFilter.m */; };
/* End PBXBuildFile section */

/* Begin PBXFileReference section */
		3658A19A218B0B6E008AB6AC /* MRVideoCaptureDevice.m */ = {isa = PBXFileReference; fileEncoding = 4; lastKnownFileType = sourcecode.c.objc; path = MRVideoCaptureDevice.m; sourceTree = "<group>"; };
		3658A19B218B0B6E008AB6AC /* MRVideoCaptureDevice.h */ = {isa = PBXFileReference; fileEncoding = 4; lastKnownFileType = sourcecode.c.h; path = MRVideoCaptureDevice.h; sourceTree = "<group>"; };
		36853D3A2187FA10006CBB5A /* MetalRenderImage.framework */ = {isa = PBXFileReference; explicitFileType = wrapper.framework; includeInIndex = 0; path = MetalRenderImage.framework; sourceTree = BUILT_PRODUCTS_DIR; };
		36853D3D2187FA10006CBB5A /* MetalRenderImage.h */ = {isa = PBXFileReference; lastKnownFileType = sourcecode.c.h; path = MetalRenderImage.h; sourceTree = "<group>"; };
		36853D3E2187FA10006CBB5A /* Info.plist */ = {isa = PBXFileReference; lastKnownFileType = text.plist.xml; path = Info.plist; sourceTree = "<group>"; };
		36853D472187FA3C006CBB5A /* MRImageFilter.m */ = {isa = PBXFileReference; fileEncoding = 4; lastKnownFileType = sourcecode.c.objc; path = MRImageFilter.m; sourceTree = "<group>"; };
		36853D482187FA3C006CBB5A /* MRMetalContext.h */ = {isa = PBXFileReference; fileEncoding = 4; lastKnownFileType = sourcecode.c.h; path = MRMetalContext.h; sourceTree = "<group>"; };
		36853D492187FA3C006CBB5A /* MRTextureProvider.h */ = {isa = PBXFileReference; fileEncoding = 4; lastKnownFileType = sourcecode.c.h; path = MRTextureProvider.h; sourceTree = "<group>"; };
		36853D4A2187FA3C006CBB5A /* MRMainBundleTextureProvider.m */ = {isa = PBXFileReference; fileEncoding = 4; lastKnownFileType = sourcecode.c.objc; path = MRMainBundleTextureProvider.m; sourceTree = "<group>"; };
		36853D4B2187FA3C006CBB5A /* MRImageView.h */ = {isa = PBXFileReference; fileEncoding = 4; lastKnownFileType = sourcecode.c.h; path = MRImageView.h; sourceTree = "<group>"; };
		36853D4C2187FA3C006CBB5A /* MRMetalContext.m */ = {isa = PBXFileReference; fileEncoding = 4; lastKnownFileType = sourcecode.c.objc; path = MRMetalContext.m; sourceTree = "<group>"; };
		36853D4D2187FA3C006CBB5A /* MRImageFilter.h */ = {isa = PBXFileReference; fileEncoding = 4; lastKnownFileType = sourcecode.c.h; path = MRImageFilter.h; sourceTree = "<group>"; };
		36853D4E2187FA3C006CBB5A /* MRMainBundleTextureProvider.h */ = {isa = PBXFileReference; fileEncoding = 4; lastKnownFileType = sourcecode.c.h; path = MRMainBundleTextureProvider.h; sourceTree = "<group>"; };
		36853D4F2187FA3C006CBB5A /* MRImageView.m */ = {isa = PBXFileReference; fileEncoding = 4; lastKnownFileType = sourcecode.c.objc; path = MRImageView.m; sourceTree = "<group>"; };
		36853D502187FA3C006CBB5A /* MRTextureConsumer.h */ = {isa = PBXFileReference; fileEncoding = 4; lastKnownFileType = sourcecode.c.h; path = MRTextureConsumer.h; sourceTree = "<group>"; };
		36853D5B2187FB48006CBB5A /* MRGaussianBlurFilter.m */ = {isa = PBXFileReference; fileEncoding = 4; lastKnownFileType = sourcecode.c.objc; path = MRGaussianBlurFilter.m; sourceTree = "<group>"; };
		36853D5C2187FB48006CBB5A /* MRGaussianBlurFilter.h */ = {isa = PBXFileReference; fileEncoding = 4; lastKnownFileType = sourcecode.c.h; path = MRGaussianBlurFilter.h; sourceTree = "<group>"; };
		36853D9A2188119C006CBB5A /* ImageViewShaders.metal */ = {isa = PBXFileReference; fileEncoding = 4; lastKnownFileType = sourcecode.metal; path = ImageViewShaders.metal; sourceTree = "<group>"; };
		36853D9B2188119C006CBB5A /* ImageKernels.metal */ = {isa = PBXFileReference; fileEncoding = 4; lastKnownFileType = sourcecode.metal; path = ImageKernels.metal; sourceTree = "<group>"; };
		36853DA321882A4B006CBB5A /* MRRGBFilter.h */ = {isa = PBXFileReference; fileEncoding = 4; lastKnownFileType = sourcecode.c.h; path = MRRGBFilter.h; sourceTree = "<group>"; };
		36853DA421882A4B006CBB5A /* MRGrayscaleFilter.h */ = {isa = PBXFileReference; fileEncoding = 4; lastKnownFileType = sourcecode.c.h; path = MRGrayscaleFilter.h; sourceTree = "<group>"; };
		36853DA521882A4B006CBB5A /* MRHueFilter.h */ = {isa = PBXFileReference; fileEncoding = 4; lastKnownFileType = sourcecode.c.h; path = MRHueFilter.h; sourceTree = "<group>"; };
		36853DA621882A4B006CBB5A /* MRGrayscaleFilter.m */ = {isa = PBXFileReference; fileEncoding = 4; lastKnownFileType = sourcecode.c.objc; path = MRGrayscaleFilter.m; sourceTree = "<group>"; };
		36853DA721882A4B006CBB5A /* MRHueFilter.m */ = {isa = PBXFileReference; fileEncoding = 4; lastKnownFileType = sourcecode.c.objc; path = MRHueFilter.m; sourceTree = "<group>"; };
		36853DA821882A4B006CBB5A /* MRRGBFilter.m */ = {isa = PBXFileReference; fileEncoding = 4; lastKnownFileType = sourcecode.c.objc; path = MRRGBFilter.m; sourceTree = "<group>"; };
		36853DA921882A4B006CBB5A /* MRSaturationAdjustmentFilter.h */ = {isa = PBXFileReference; fileEncoding = 4; lastKnownFileType = sourcecode.c.h; path = MRSaturationAdjustmentFilter.h; sourceTree = "<group>"; };
		36853DAA21882A4B006CBB5A /* MRSaturationAdjustmentFilter.m */ = {isa = PBXFileReference; fileEncoding = 4; lastKnownFileType = sourcecode.c.objc; path = MRSaturationAdjustmentFilter.m; sourceTree = "<group>"; };
		36853DB321882A56006CBB5A /* MRColorInvertFilter.h */ = {isa = PBXFileReference; fileEncoding = 4; lastKnownFileType = sourcecode.c.h; path = MRColorInvertFilter.h; sourceTree = "<group>"; };
		36853DB421882A56006CBB5A /* MRContrastFilter.m */ = {isa = PBXFileReference; fileEncoding = 4; lastKnownFileType = sourcecode.c.objc; path = MRContrastFilter.m; sourceTree = "<group>"; };
		36853DB521882A56006CBB5A /* MRColorInvertFilter.m */ = {isa = PBXFileReference; fileEncoding = 4; lastKnownFileType = sourcecode.c.objc; path = MRColorInvertFilter.m; sourceTree = "<group>"; };
		36853DB621882A56006CBB5A /* MRGammaFilter.m */ = {isa = PBXFileReference; fileEncoding = 4; lastKnownFileType = sourcecode.c.objc; path = MRGammaFilter.m; sourceTree = "<group>"; };
		36853DB721882A57006CBB5A /* MRGammaFilter.h */ = {isa = PBXFileReference; fileEncoding = 4; lastKnownFileType = sourcecode.c.h; path = MRGammaFilter.h; sourceTree = "<group>"; };
		36853DB821882A57006CBB5A /* MRExposureFilter.h */ = {isa = PBXFileReference; fileEncoding = 4; lastKnownFileType = sourcecode.c.h; path = MRExposureFilter.h; sourceTree = "<group>"; };
		36853DB921882A57006CBB5A /* MRBrightnessFilter.m */ = {isa = PBXFileReference; fileEncoding = 4; lastKnownFileType = sourcecode.c.objc; path = MRBrightnessFilter.m; sourceTree = "<group>"; };
		36853DBA21882A57006CBB5A /* MRBrightnessFilter.h */ = {isa = PBXFileReference; fileEncoding = 4; lastKnownFileType = sourcecode.c.h; path = MRBrightnessFilter.h; sourceTree = "<group>"; };
		36853DBB21882A57006CBB5A /* MRContrastFilter.h */ = {isa = PBXFileReference; fileEncoding = 4; lastKnownFileType = sourcecode.c.h; path = MRContrastFilter.h; sourceTree = "<group>"; };
		36853DBC21882A58006CBB5A /* MRExposureFilter.m */ = {isa = PBXFileReference; fileEncoding = 4; lastKnownFileType = sourcecode.c.objc; path = MRExposureFilter.m; sourceTree = "<group>"; };
		36853DCB21883CE6006CBB5A /* MRWhiteBalanceFilter.h */ = {isa = PBXFileReference; fileEncoding = 4; lastKnownFileType = sourcecode.c.h; path = MRWhiteBalanceFilter.h; sourceTree = "<group>"; };
		36853DCC21883CE6006CBB5A /* MRWhiteBalanceFilter.m */ = {isa = PBXFileReference; fileEncoding = 4; lastKnownFileType = sourcecode.c.objc; path = MRWhiteBalanceFilter.m; sourceTree = "<group>"; };
		36853DCF21883F7C006CBB5A /* WhiteBalance.metal */ = {isa = PBXFileReference; lastKnownFileType = sourcecode.metal; path = WhiteBalance.metal; sourceTree = "<group>"; };
		36CBC014218AA4F3003DA3E3 /* MRDissolveBlendFilter.h */ = {isa = PBXFileReference; fileEncoding = 4; lastKnownFileType = sourcecode.c.h; path = MRDissolveBlendFilter.h; sourceTree = "<group>"; };
		36CBC015218AA4F3003DA3E3 /* MRDissolveBlendFilter.m */ = {isa = PBXFileReference; fileEncoding = 4; lastKnownFileType = sourcecode.c.objc; path = MRDissolveBlendFilter.m; sourceTree = "<group>"; };
		36CBC018218AA50C003DA3E3 /* DissolveBlendFilter.metal */ = {isa = PBXFileReference; lastKnownFileType = sourcecode.metal; path = DissolveBlendFilter.metal; sourceTree = "<group>"; };
		36CBC01A218AA73A003DA3E3 /* MRInputParameterTypes.h */ = {isa = PBXFileReference; lastKnownFileType = sourcecode.c.h; path = MRInputParameterTypes.h; sourceTree = "<group>"; };
		36CBC024218AC809003DA3E3 /* MRLightenBlendFilter.h */ = {isa = PBXFileReference; lastKnownFileType = sourcecode.c.h; path = MRLightenBlendFilter.h; sourceTree = "<group>"; };
		36CBC025218AC809003DA3E3 /* MRLightenBlendFilter.m */ = {isa = PBXFileReference; lastKnownFileType = sourcecode.c.objc; path = MRLightenBlendFilter.m; sourceTree = "<group>"; };
		36EC94142188544C00A82941 /* MRMonochromeFilter.h */ = {isa = PBXFileReference; lastKnownFileType = sourcecode.c.h; path = MRMonochromeFilter.h; sourceTree = "<group>"; };
		36EC94152188544C00A82941 /* MRMonochromeFilter.m */ = {isa = PBXFileReference; lastKnownFileType = sourcecode.c.objc; path = MRMonochromeFilter.m; sourceTree = "<group>"; };
		36EC9418218854E600A82941 /* Monochrome.metal */ = {isa = PBXFileReference; lastKnownFileType = sourcecode.metal; path = Monochrome.metal; sourceTree = "<group>"; };
		36EC941A2188616A00A82941 /* MRCharpenFilter.h */ = {isa = PBXFileReference; lastKnownFileType = sourcecode.c.h; path = MRCharpenFilter.h; sourceTree = "<group>"; };
		36EC941B2188616A00A82941 /* MRCharpenFilter.m */ = {isa = PBXFileReference; lastKnownFileType = sourcecode.c.objc; path = MRCharpenFilter.m; sourceTree = "<group>"; };
		36EC941E2188621400A82941 /* Charpeness.metal */ = {isa = PBXFileReference; lastKnownFileType = sourcecode.metal; path = Charpeness.metal; sourceTree = "<group>"; };
		36EC942721886FC100A82941 /* MRImageTwoInputFilter.h */ = {isa = PBXFileReference; lastKnownFileType = sourcecode.c.h; path = MRImageTwoInputFilter.h; sourceTree = "<group>"; };
		36EC942821886FC100A82941 /* MRImageTwoInputFilter.m */ = {isa = PBXFileReference; lastKnownFileType = sourcecode.c.objc; path = MRImageTwoInputFilter.m; sourceTree = "<group>"; };
/* End PBXFileReference section */

/* Begin PBXFrameworksBuildPhase section */
		36853D362187FA10006CBB5A /* Frameworks */ = {
			isa = PBXFrameworksBuildPhase;
			buildActionMask = 2147483647;
			files = (
			);
			runOnlyForDeploymentPostprocessing = 0;
		};
/* End PBXFrameworksBuildPhase section */

/* Begin PBXGroup section */
		36853D302187FA10006CBB5A = {
			isa = PBXGroup;
			children = (
				36853D3C2187FA10006CBB5A /* MetalRenderImage */,
				36853D3B2187FA10006CBB5A /* Products */,
			);
			sourceTree = "<group>";
		};
		36853D3B2187FA10006CBB5A /* Products */ = {
			isa = PBXGroup;
			children = (
				36853D3A2187FA10006CBB5A /* MetalRenderImage.framework */,
			);
			name = Products;
			sourceTree = "<group>";
		};
		36853D3C2187FA10006CBB5A /* MetalRenderImage */ = {
			isa = PBXGroup;
			children = (
				36853D3D2187FA10006CBB5A /* MetalRenderImage.h */,
				36853D462187FA3C006CBB5A /* base */,
				36853D452187FA3C006CBB5A /* core */,
				36853D992188119C006CBB5A /* shader */,
				36853D3E2187FA10006CBB5A /* Info.plist */,
			);
			path = MetalRenderImage;
			sourceTree = "<group>";
		};
		36853D452187FA3C006CBB5A /* core */ = {
			isa = PBXGroup;
			children = (
				36853D5C2187FB48006CBB5A /* MRGaussianBlurFilter.h */,
				36853D5B2187FB48006CBB5A /* MRGaussianBlurFilter.m */,
				36853DA421882A4B006CBB5A /* MRGrayscaleFilter.h */,
				36853DA621882A4B006CBB5A /* MRGrayscaleFilter.m */,
				36853DA521882A4B006CBB5A /* MRHueFilter.h */,
				36853DA721882A4B006CBB5A /* MRHueFilter.m */,
				36853DA321882A4B006CBB5A /* MRRGBFilter.h */,
				36853DA821882A4B006CBB5A /* MRRGBFilter.m */,
				36853DA921882A4B006CBB5A /* MRSaturationAdjustmentFilter.h */,
				36853DAA21882A4B006CBB5A /* MRSaturationAdjustmentFilter.m */,
				36853DBA21882A57006CBB5A /* MRBrightnessFilter.h */,
				36853DB921882A57006CBB5A /* MRBrightnessFilter.m */,
				36853DB321882A56006CBB5A /* MRColorInvertFilter.h */,
				36853DB521882A56006CBB5A /* MRColorInvertFilter.m */,
				36853DBB21882A57006CBB5A /* MRContrastFilter.h */,
				36853DB421882A56006CBB5A /* MRContrastFilter.m */,
				36853DB821882A57006CBB5A /* MRExposureFilter.h */,
				36853DBC21882A58006CBB5A /* MRExposureFilter.m */,
				36853DB721882A57006CBB5A /* MRGammaFilter.h */,
				36853DB621882A56006CBB5A /* MRGammaFilter.m */,
				36853DCB21883CE6006CBB5A /* MRWhiteBalanceFilter.h */,
				36853DCC21883CE6006CBB5A /* MRWhiteBalanceFilter.m */,
				36EC94142188544C00A82941 /* MRMonochromeFilter.h */,
				36EC94152188544C00A82941 /* MRMonochromeFilter.m */,
				36EC941A2188616A00A82941 /* MRCharpenFilter.h */,
				36EC941B2188616A00A82941 /* MRCharpenFilter.m */,
				36CBC014218AA4F3003DA3E3 /* MRDissolveBlendFilter.h */,
				36CBC015218AA4F3003DA3E3 /* MRDissolveBlendFilter.m */,
				36CBC024218AC809003DA3E3 /* MRLightenBlendFilter.h */,
				36CBC025218AC809003DA3E3 /* MRLightenBlendFilter.m */,
			);
			path = core;
			sourceTree = "<group>";
		};
		36853D462187FA3C006CBB5A /* base */ = {
			isa = PBXGroup;
			children = (
				36853D4D2187FA3C006CBB5A /* MRImageFilter.h */,
				36853D472187FA3C006CBB5A /* MRImageFilter.m */,
				36EC942721886FC100A82941 /* MRImageTwoInputFilter.h */,
				36EC942821886FC100A82941 /* MRImageTwoInputFilter.m */,
				36853D4B2187FA3C006CBB5A /* MRImageView.h */,
				36853D4F2187FA3C006CBB5A /* MRImageView.m */,
				36853D4E2187FA3C006CBB5A /* MRMainBundleTextureProvider.h */,
				36853D4A2187FA3C006CBB5A /* MRMainBundleTextureProvider.m */,
				3658A19B218B0B6E008AB6AC /* MRVideoCaptureDevice.h */,
				3658A19A218B0B6E008AB6AC /* MRVideoCaptureDevice.m */,
				36853D482187FA3C006CBB5A /* MRMetalContext.h */,
				36853D4C2187FA3C006CBB5A /* MRMetalContext.m */,
				36853D502187FA3C006CBB5A /* MRTextureConsumer.h */,
				36853D492187FA3C006CBB5A /* MRTextureProvider.h */,
				36CBC01A218AA73A003DA3E3 /* MRInputParameterTypes.h */,
			);
			path = base;
			sourceTree = "<group>";
		};
		36853D992188119C006CBB5A /* shader */ = {
			isa = PBXGroup;
			children = (
				36853D9A2188119C006CBB5A /* ImageViewShaders.metal */,
				36853D9B2188119C006CBB5A /* ImageKernels.metal */,
				36853DCF21883F7C006CBB5A /* WhiteBalance.metal */,
				36EC9418218854E600A82941 /* Monochrome.metal */,
				36EC941E2188621400A82941 /* Charpeness.metal */,
				36CBC018218AA50C003DA3E3 /* DissolveBlendFilter.metal */,
			);
			path = shader;
			sourceTree = "<group>";
		};
/* End PBXGroup section */

/* Begin PBXHeadersBuildPhase section */
		36853D372187FA10006CBB5A /* Headers */ = {
			isa = PBXHeadersBuildPhase;
			buildActionMask = 2147483647;
			files = (
				36853D552187FA3D006CBB5A /* MRImageView.h in Headers */,
				36EC941C2188616A00A82941 /* MRCharpenFilter.h in Headers */,
				36CBC026218AC809003DA3E3 /* MRLightenBlendFilter.h in Headers */,
				36853D5E2187FB48006CBB5A /* MRGaussianBlurFilter.h in Headers */,
				36853D3F2187FA10006CBB5A /* MetalRenderImage.h in Headers */,
				36853D532187FA3D006CBB5A /* MRTextureProvider.h in Headers */,
				3658A19D218B0B6F008AB6AC /* MRVideoCaptureDevice.h in Headers */,
				36853DC221882A58006CBB5A /* MRExposureFilter.h in Headers */,
				36853D582187FA3D006CBB5A /* MRMainBundleTextureProvider.h in Headers */,
				36853D5A2187FA3D006CBB5A /* MRTextureConsumer.h in Headers */,
				36853DAD21882A4B006CBB5A /* MRHueFilter.h in Headers */,
				36853DC421882A58006CBB5A /* MRBrightnessFilter.h in Headers */,
				36853DC521882A58006CBB5A /* MRContrastFilter.h in Headers */,
				36853DBD21882A58006CBB5A /* MRColorInvertFilter.h in Headers */,
				36EC94162188544C00A82941 /* MRMonochromeFilter.h in Headers */,
				36CBC016218AA4F4003DA3E3 /* MRDissolveBlendFilter.h in Headers */,
				36853D522187FA3D006CBB5A /* MRMetalContext.h in Headers */,
				36853DCD21883CE6006CBB5A /* MRWhiteBalanceFilter.h in Headers */,
				36853DAC21882A4B006CBB5A /* MRGrayscaleFilter.h in Headers */,
				36853D572187FA3D006CBB5A /* MRImageFilter.h in Headers */,
				36853DB121882A4B006CBB5A /* MRSaturationAdjustmentFilter.h in Headers */,
				36853DAB21882A4B006CBB5A /* MRRGBFilter.h in Headers */,
				36EC942921886FC100A82941 /* MRImageTwoInputFilter.h in Headers */,
				36853DC121882A58006CBB5A /* MRGammaFilter.h in Headers */,
			);
			runOnlyForDeploymentPostprocessing = 0;
		};
/* End PBXHeadersBuildPhase section */

/* Begin PBXNativeTarget section */
		36853D392187FA10006CBB5A /* MetalRenderImage */ = {
			isa = PBXNativeTarget;
			buildConfigurationList = 36853D422187FA10006CBB5A /* Build configuration list for PBXNativeTarget "MetalRenderImage" */;
			buildPhases = (
				36853D352187FA10006CBB5A /* Sources */,
				36853D362187FA10006CBB5A /* Frameworks */,
				36853D372187FA10006CBB5A /* Headers */,
				36853D382187FA10006CBB5A /* Resources */,
			);
			buildRules = (
			);
			dependencies = (
			);
			name = MetalRenderImage;
			productName = MetalRenderImage;
			productReference = 36853D3A2187FA10006CBB5A /* MetalRenderImage.framework */;
			productType = "com.apple.product-type.framework";
		};
/* End PBXNativeTarget section */

/* Begin PBXProject section */
		36853D312187FA10006CBB5A /* Project object */ = {
			isa = PBXProject;
			attributes = {
				LastUpgradeCheck = 0930;
				ORGANIZATIONNAME = "Su Ruochang";
				TargetAttributes = {
					36853D392187FA10006CBB5A = {
						CreatedOnToolsVersion = 9.3;
					};
				};
			};
			buildConfigurationList = 36853D342187FA10006CBB5A /* Build configuration list for PBXProject "MetalRenderImage" */;
			compatibilityVersion = "Xcode 9.3";
			developmentRegion = en;
			hasScannedForEncodings = 0;
			knownRegions = (
				en,
			);
			mainGroup = 36853D302187FA10006CBB5A;
			productRefGroup = 36853D3B2187FA10006CBB5A /* Products */;
			projectDirPath = "";
			projectRoot = "";
			targets = (
				36853D392187FA10006CBB5A /* MetalRenderImage */,
			);
		};
/* End PBXProject section */

/* Begin PBXResourcesBuildPhase section */
		36853D382187FA10006CBB5A /* Resources */ = {
			isa = PBXResourcesBuildPhase;
			buildActionMask = 2147483647;
			files = (
			);
			runOnlyForDeploymentPostprocessing = 0;
		};
/* End PBXResourcesBuildPhase section */

/* Begin PBXSourcesBuildPhase section */
		36853D352187FA10006CBB5A /* Sources */ = {
			isa = PBXSourcesBuildPhase;
			buildActionMask = 2147483647;
			files = (
				36853DBE21882A58006CBB5A /* MRContrastFilter.m in Sources */,
				36853D9D2188119C006CBB5A /* ImageKernels.metal in Sources */,
				36CBC027218AC809003DA3E3 /* MRLightenBlendFilter.m in Sources */,
				36853DC321882A58006CBB5A /* MRBrightnessFilter.m in Sources */,
				36853DC021882A58006CBB5A /* MRGammaFilter.m in Sources */,
				36CBC017218AA4F4003DA3E3 /* MRDissolveBlendFilter.m in Sources */,
				36853DB221882A4B006CBB5A /* MRSaturationAdjustmentFilter.m in Sources */,
				36853DCE21883CE6006CBB5A /* MRWhiteBalanceFilter.m in Sources */,
				36853DAF21882A4B006CBB5A /* MRHueFilter.m in Sources */,
				36853DB021882A4B006CBB5A /* MRRGBFilter.m in Sources */,
				36EC9419218854E600A82941 /* Monochrome.metal in Sources */,
				36853D5D2187FB48006CBB5A /* MRGaussianBlurFilter.m in Sources */,
				36853D542187FA3D006CBB5A /* MRMainBundleTextureProvider.m in Sources */,
				36853D592187FA3D006CBB5A /* MRImageView.m in Sources */,
				36853D562187FA3D006CBB5A /* MRMetalContext.m in Sources */,
				36853D512187FA3D006CBB5A /* MRImageFilter.m in Sources */,
				36853DAE21882A4B006CBB5A /* MRGrayscaleFilter.m in Sources */,
				36853DC621882A58006CBB5A /* MRExposureFilter.m in Sources */,
				36EC941D2188616A00A82941 /* MRCharpenFilter.m in Sources */,
				36EC941F2188621400A82941 /* Charpeness.metal in Sources */,
				36853DBF21882A58006CBB5A /* MRColorInvertFilter.m in Sources */,
				36853DD021883F7C006CBB5A /* WhiteBalance.metal in Sources */,
				36EC942A21886FC100A82941 /* MRImageTwoInputFilter.m in Sources */,
				36CBC019218AA50C003DA3E3 /* DissolveBlendFilter.metal in Sources */,
				36EC94172188544C00A82941 /* MRMonochromeFilter.m in Sources */,
				3658A19C218B0B6F008AB6AC /* MRVideoCaptureDevice.m in Sources */,
				36853D9C2188119C006CBB5A /* ImageViewShaders.metal in Sources */,
			);
			runOnlyForDeploymentPostprocessing = 0;
		};
/* End PBXSourcesBuildPhase section */

/* Begin XCBuildConfiguration section */
		36853D402187FA10006CBB5A /* Debug */ = {
			isa = XCBuildConfiguration;
			buildSettings = {
				ALWAYS_SEARCH_USER_PATHS = NO;
				CLANG_ANALYZER_NONNULL = YES;
				CLANG_ANALYZER_NUMBER_OBJECT_CONVERSION = YES_AGGRESSIVE;
				CLANG_CXX_LANGUAGE_STANDARD = "gnu++14";
				CLANG_CXX_LIBRARY = "libc++";
				CLANG_ENABLE_MODULES = YES;
				CLANG_ENABLE_OBJC_ARC = YES;
				CLANG_ENABLE_OBJC_WEAK = YES;
				CLANG_WARN_BLOCK_CAPTURE_AUTORELEASING = YES;
				CLANG_WARN_BOOL_CONVERSION = YES;
				CLANG_WARN_COMMA = YES;
				CLANG_WARN_CONSTANT_CONVERSION = YES;
				CLANG_WARN_DEPRECATED_OBJC_IMPLEMENTATIONS = YES;
				CLANG_WARN_DIRECT_OBJC_ISA_USAGE = YES_ERROR;
				CLANG_WARN_DOCUMENTATION_COMMENTS = YES;
				CLANG_WARN_EMPTY_BODY = YES;
				CLANG_WARN_ENUM_CONVERSION = YES;
				CLANG_WARN_INFINITE_RECURSION = YES;
				CLANG_WARN_INT_CONVERSION = YES;
				CLANG_WARN_NON_LITERAL_NULL_CONVERSION = YES;
				CLANG_WARN_OBJC_IMPLICIT_RETAIN_SELF = YES;
				CLANG_WARN_OBJC_LITERAL_CONVERSION = YES;
				CLANG_WARN_OBJC_ROOT_CLASS = YES_ERROR;
				CLANG_WARN_RANGE_LOOP_ANALYSIS = YES;
				CLANG_WARN_STRICT_PROTOTYPES = YES;
				CLANG_WARN_SUSPICIOUS_MOVE = YES;
				CLANG_WARN_UNGUARDED_AVAILABILITY = YES_AGGRESSIVE;
				CLANG_WARN_UNREACHABLE_CODE = YES;
				CLANG_WARN__DUPLICATE_METHOD_MATCH = YES;
				CODE_SIGN_IDENTITY = "iPhone Developer";
				COPY_PHASE_STRIP = NO;
				CURRENT_PROJECT_VERSION = 1;
				DEBUG_INFORMATION_FORMAT = dwarf;
				ENABLE_STRICT_OBJC_MSGSEND = YES;
				ENABLE_TESTABILITY = YES;
				GCC_C_LANGUAGE_STANDARD = gnu11;
				GCC_DYNAMIC_NO_PIC = NO;
				GCC_NO_COMMON_BLOCKS = YES;
				GCC_OPTIMIZATION_LEVEL = 0;
				GCC_PREPROCESSOR_DEFINITIONS = (
					"DEBUG=1",
					"$(inherited)",
				);
				GCC_WARN_64_TO_32_BIT_CONVERSION = YES;
				GCC_WARN_ABOUT_RETURN_TYPE = YES_ERROR;
				GCC_WARN_UNDECLARED_SELECTOR = YES;
				GCC_WARN_UNINITIALIZED_AUTOS = YES_AGGRESSIVE;
				GCC_WARN_UNUSED_FUNCTION = YES;
				GCC_WARN_UNUSED_VARIABLE = YES;
				IPHONEOS_DEPLOYMENT_TARGET = 11.3;
				MTL_ENABLE_DEBUG_INFO = YES;
				ONLY_ACTIVE_ARCH = YES;
				SDKROOT = iphoneos;
				VERSIONING_SYSTEM = "apple-generic";
				VERSION_INFO_PREFIX = "";
			};
			name = Debug;
		};
		36853D412187FA10006CBB5A /* Release */ = {
			isa = XCBuildConfiguration;
			buildSettings = {
				ALWAYS_SEARCH_USER_PATHS = NO;
				CLANG_ANALYZER_NONNULL = YES;
				CLANG_ANALYZER_NUMBER_OBJECT_CONVERSION = YES_AGGRESSIVE;
				CLANG_CXX_LANGUAGE_STANDARD = "gnu++14";
				CLANG_CXX_LIBRARY = "libc++";
				CLANG_ENABLE_MODULES = YES;
				CLANG_ENABLE_OBJC_ARC = YES;
				CLANG_ENABLE_OBJC_WEAK = YES;
				CLANG_WARN_BLOCK_CAPTURE_AUTORELEASING = YES;
				CLANG_WARN_BOOL_CONVERSION = YES;
				CLANG_WARN_COMMA = YES;
				CLANG_WARN_CONSTANT_CONVERSION = YES;
				CLANG_WARN_DEPRECATED_OBJC_IMPLEMENTATIONS = YES;
				CLANG_WARN_DIRECT_OBJC_ISA_USAGE = YES_ERROR;
				CLANG_WARN_DOCUMENTATION_COMMENTS = YES;
				CLANG_WARN_EMPTY_BODY = YES;
				CLANG_WARN_ENUM_CONVERSION = YES;
				CLANG_WARN_INFINITE_RECURSION = YES;
				CLANG_WARN_INT_CONVERSION = YES;
				CLANG_WARN_NON_LITERAL_NULL_CONVERSION = YES;
				CLANG_WARN_OBJC_IMPLICIT_RETAIN_SELF = YES;
				CLANG_WARN_OBJC_LITERAL_CONVERSION = YES;
				CLANG_WARN_OBJC_ROOT_CLASS = YES_ERROR;
				CLANG_WARN_RANGE_LOOP_ANALYSIS = YES;
				CLANG_WARN_STRICT_PROTOTYPES = YES;
				CLANG_WARN_SUSPICIOUS_MOVE = YES;
				CLANG_WARN_UNGUARDED_AVAILABILITY = YES_AGGRESSIVE;
				CLANG_WARN_UNREACHABLE_CODE = YES;
				CLANG_WARN__DUPLICATE_METHOD_MATCH = YES;
				CODE_SIGN_IDENTITY = "iPhone Developer";
				COPY_PHASE_STRIP = NO;
				CURRENT_PROJECT_VERSION = 1;
				DEBUG_INFORMATION_FORMAT = "dwarf-with-dsym";
				ENABLE_NS_ASSERTIONS = NO;
				ENABLE_STRICT_OBJC_MSGSEND = YES;
				GCC_C_LANGUAGE_STANDARD = gnu11;
				GCC_NO_COMMON_BLOCKS = YES;
				GCC_WARN_64_TO_32_BIT_CONVERSION = YES;
				GCC_WARN_ABOUT_RETURN_TYPE = YES_ERROR;
				GCC_WARN_UNDECLARED_SELECTOR = YES;
				GCC_WARN_UNINITIALIZED_AUTOS = YES_AGGRESSIVE;
				GCC_WARN_UNUSED_FUNCTION = YES;
				GCC_WARN_UNUSED_VARIABLE = YES;
				IPHONEOS_DEPLOYMENT_TARGET = 11.3;
				MTL_ENABLE_DEBUG_INFO = NO;
				SDKROOT = iphoneos;
				VALIDATE_PRODUCT = YES;
				VERSIONING_SYSTEM = "apple-generic";
				VERSION_INFO_PREFIX = "";
			};
			name = Release;
		};
		36853D432187FA10006CBB5A /* Debug */ = {
			isa = XCBuildConfiguration;
			buildSettings = {
				CODE_SIGN_IDENTITY = "";
				CODE_SIGN_STYLE = Automatic;
				DEFINES_MODULE = YES;
				DYLIB_COMPATIBILITY_VERSION = 1;
				DYLIB_CURRENT_VERSION = 1;
				DYLIB_INSTALL_NAME_BASE = "@rpath";
				INFOPLIST_FILE = MetalRenderImage/Info.plist;
				INSTALL_PATH = "$(LOCAL_LIBRARY_DIR)/Frameworks";
				IPHONEOS_DEPLOYMENT_TARGET = 8.0;
				LD_RUNPATH_SEARCH_PATHS = (
					"$(inherited)",
					"@executable_path/Frameworks",
					"@loader_path/Frameworks",
				);
				PRODUCT_BUNDLE_IDENTIFIER = COM.SRC.MetalRenderImage;
				PRODUCT_NAME = "$(TARGET_NAME:c99extidentifier)";
				SKIP_INSTALL = YES;
				TARGETED_DEVICE_FAMILY = "1,2";
			};
			name = Debug;
		};
		36853D442187FA10006CBB5A /* Release */ = {
			isa = XCBuildConfiguration;
			buildSettings = {
				CODE_SIGN_IDENTITY = "";
				CODE_SIGN_STYLE = Automatic;
				DEFINES_MODULE = YES;
				DYLIB_COMPATIBILITY_VERSION = 1;
				DYLIB_CURRENT_VERSION = 1;
				DYLIB_INSTALL_NAME_BASE = "@rpath";
				INFOPLIST_FILE = MetalRenderImage/Info.plist;
				INSTALL_PATH = "$(LOCAL_LIBRARY_DIR)/Frameworks";
				IPHONEOS_DEPLOYMENT_TARGET = 8.0;
				LD_RUNPATH_SEARCH_PATHS = (
					"$(inherited)",
					"@executable_path/Frameworks",
					"@loader_path/Frameworks",
				);
				PRODUCT_BUNDLE_IDENTIFIER = COM.SRC.MetalRenderImage;
				PRODUCT_NAME = "$(TARGET_NAME:c99extidentifier)";
				SKIP_INSTALL = YES;
				TARGETED_DEVICE_FAMILY = "1,2";
			};
			name = Release;
		};
/* End XCBuildConfiguration section */

/* Begin XCConfigurationList section */
		36853D342187FA10006CBB5A /* Build configuration list for PBXProject "MetalRenderImage" */ = {
			isa = XCConfigurationList;
			buildConfigurations = (
				36853D402187FA10006CBB5A /* Debug */,
				36853D412187FA10006CBB5A /* Release */,
			);
			defaultConfigurationIsVisible = 0;
			defaultConfigurationName = Release;
		};
		36853D422187FA10006CBB5A /* Build configuration list for PBXNativeTarget "MetalRenderImage" */ = {
			isa = XCConfigurationList;
			buildConfigurations = (
				36853D432187FA10006CBB5A /* Debug */,
				36853D442187FA10006CBB5A /* Release */,
			);
			defaultConfigurationIsVisible = 0;
			defaultConfigurationName = Release;
		};
/* End XCConfigurationList section */
	};
	rootObject = 36853D312187FA10006CBB5A /* Project object */;
}
